
Microsoft Visual Studio Solution File, Format Version 12.00
# Visual Studio 14
VisualStudioVersion = 14.0.25420.1
MinimumVisualStudioVersion = 10.0.40219.1
Project("{FAE04EC0-301F-11D3-BF4B-00C04F79EFBC}") = "Задача 01 - Зеленчукова борса", "Задача 01 - Зеленчукова борса\Задача 01 - Зеленчукова борса.csproj", "{4DF4E29A-F467-4B99-BB03-19DD84BDD20A}"
EndProject
Project("{FAE04EC0-301F-11D3-BF4B-00C04F79EFBC}") = "Задача 02 - Тръби в басейн", "Задача 02 - Тръби в басейн\Задача 02 - Тръби в басейн.csproj", "{1B65393F-3114-4BAD-9189-DECEB24B6A1C}"
EndProject
Project("{FAE04EC0-301F-11D3-BF4B-00C04F79EFBC}") = "Задача 03 - Пътешествие", "Задача 03 - Пътешествие\Задача 03 - Пътешествие.csproj", "{59BC0A89-FC06-4F35-A480-4608AD5FA359}"
EndProject
Project("{FAE04EC0-301F-11D3-BF4B-00C04F79EFBC}") = "Задача 04 - Деление без остатък", "Задача 04 - Деление без остатък\Задача 04 - Деление без остатък.csproj", "{D2EE9FCA-0D01-4A08-A070-BAEE9F5BBF20}"
EndProject
Project("{FAE04EC0-301F-11D3-BF4B-00C04F79EFBC}") = "Задача 05 - Пеперуда", "Задача 05 - Пеперуда\Задача 05 - Пеперуда.csproj", "{D25C5EB3-AB40-4E71-B0F2-A9D1607E7F2F}"
EndProject
Project("{FAE04EC0-301F-11D3-BF4B-00C04F79EFBC}") = "Задача 06 - Магически числа", "Задача 06 - Магически числа\Задача 06 - Магически числа.csproj", "{C3806EF8-64A3-4E09-ACC3-D1F993D776AD}"
EndProject
Global
	GlobalSection(SolutionConfigurationPlatforms) = preSolution
		Debug|Any CPU = Debug|Any CPU
		Release|Any CPU = Release|Any CPU
	EndGlobalSection
	GlobalSection(ProjectConfigurationPlatforms) = postSolution
		{4DF4E29A-F467-4B99-BB03-19DD84BDD20A}.Debug|Any CPU.ActiveCfg = Debug|Any CPU
		{4DF4E29A-F467-4B99-BB03-19DD84BDD20A}.Debug|Any CPU.Build.0 = Debug|Any CPU
		{4DF4E29A-F467-4B99-BB03-19DD84BDD20A}.Release|Any CPU.ActiveCfg = Release|Any CPU
		{4DF4E29A-F467-4B99-BB03-19DD84BDD20A}.Release|Any CPU.Build.0 = Release|Any CPU
		{1B65393F-3114-4BAD-9189-DECEB24B6A1C}.Debug|Any CPU.ActiveCfg = Debug|Any CPU
		{1B65393F-3114-4BAD-9189-DECEB24B6A1C}.Debug|Any CPU.Build.0 = Debug|Any CPU
		{1B65393F-3114-4BAD-9189-DECEB24B6A1C}.Release|Any CPU.ActiveCfg = Release|Any CPU
		{1B65393F-3114-4BAD-9189-DECEB24B6A1C}.Release|Any CPU.Build.0 = Release|Any CPU
		{59BC0A89-FC06-4F35-A480-4608AD5FA359}.Debug|Any CPU.ActiveCfg = Debug|Any CPU
		{59BC0A89-FC06-4F35-A480-4608AD5FA359}.Debug|Any CPU.Build.0 = Debug|Any CPU
		{59BC0A89-FC06-4F35-A480-4608AD5FA359}.Release|Any CPU.ActiveCfg = Release|Any CPU
		{59BC0A89-FC06-4F35-A480-4608AD5FA359}.Release|Any CPU.Build.0 = Release|Any CPU
		{D2EE9FCA-0D01-4A08-A070-BAEE9F5BBF20}.Debug|Any CPU.ActiveCfg = Debug|Any CPU
		{D2EE9FCA-0D01-4A08-A070-BAEE9F5BBF20}.Debug|Any CPU.Build.0 = Debug|Any CPU
		{D2EE9FCA-0D01-4A08-A070-BAEE9F5BBF20}.Release|Any CPU.ActiveCfg = Release|Any CPU
		{D2EE9FCA-0D01-4A08-A070-BAEE9F5BBF20}.Release|Any CPU.Build.0 = Release|Any CPU
		{D25C5EB3-AB40-4E71-B0F2-A9D1607E7F2F}.Debug|Any CPU.ActiveCfg = Debug|Any CPU
		{D25C5EB3-AB40-4E71-B0F2-A9D1607E7F2F}.Debug|Any CPU.Build.0 = Debug|Any CPU
		{D25C5EB3-AB40-4E71-B0F2-A9D1607E7F2F}.Release|Any CPU.ActiveCfg = Release|Any CPU
		{D25C5EB3-AB40-4E71-B0F2-A9D1607E7F2F}.Release|Any CPU.Build.0 = Release|Any CPU
		{C3806EF8-64A3-4E09-ACC3-D1F993D776AD}.Debug|Any CPU.ActiveCfg = Debug|Any CPU
		{C3806EF8-64A3-4E09-ACC3-D1F993D776AD}.Debug|Any CPU.Build.0 = Debug|Any CPU
		{C3806EF8-64A3-4E09-ACC3-D1F993D776AD}.Release|Any CPU.ActiveCfg = Release|Any CPU
		{C3806EF8-64A3-4E09-ACC3-D1F993D776AD}.Release|Any CPU.Build.0 = Release|Any CPU
	EndGlobalSection
	GlobalSection(SolutionProperties) = preSolution
		HideSolutionNode = FALSE
	EndGlobalSection
EndGlobal
